// !$*UTF8*$!
{
	archiveVersion = 1;
	classes = {
	};
	objectVersion = 46;
	objects = {

/* Begin PBXBuildFile section */
		2C0846E61980335500BB3632 /* grass14.png in Resources */ = {isa = PBXBuildFile; fileRef = 2C0846E51980335500BB3632 /* grass14.png */; };
		2C08A30F1979B786001A2BCF /* TAPsychicTower.m in Sources */ = {isa = PBXBuildFile; fileRef = 2C08A30E1979B786001A2BCF /* TAPsychicTower.m */; };
		2C08A3131979BAEA001A2BCF /* SpinTower.png in Resources */ = {isa = PBXBuildFile; fileRef = 2C08A3121979BAEA001A2BCF /* SpinTower.png */; };
		2C0D102C198AD7E200795828 /* TAInfoPopUp.m in Sources */ = {isa = PBXBuildFile; fileRef = 2C0D102B198AD7E200795828 /* TAInfoPopUp.m */; };
		2C0D102F198BDCF600795828 /* TALabel.m in Sources */ = {isa = PBXBuildFile; fileRef = 2C0D102E198BDCF600795828 /* TALabel.m */; };
		2C0D1031198BDF3300795828 /* coin.png in Resources */ = {isa = PBXBuildFile; fileRef = 2C0D1030198BDF3300795828 /* coin.png */; };
		2C0D1035198BE22A00795828 /* coin1.png in Resources */ = {isa = PBXBuildFile; fileRef = 2C0D1034198BE22A00795828 /* coin1.png */; };
		2C0D1037198BE62700795828 /* heart.png in Resources */ = {isa = PBXBuildFile; fileRef = 2C0D1036198BE62700795828 /* heart.png */; };
		2C0D1039198BE82900795828 /* coin2.png in Resources */ = {isa = PBXBuildFile; fileRef = 2C0D1038198BE82900795828 /* coin2.png */; };
		2C0D103D198C063A00795828 /* TAButton.m in Sources */ = {isa = PBXBuildFile; fileRef = 2C0D103C198C063A00795828 /* TAButton.m */; };
		2C0D103F198C0DA300795828 /* Grass@2x.jpg in Resources */ = {isa = PBXBuildFile; fileRef = 2C0D103E198C0DA300795828 /* Grass@2x.jpg */; };
		2C0D1042199127E700795828 /* TAAttacker.m in Sources */ = {isa = PBXBuildFile; fileRef = 2C0D1041199127E700795828 /* TAAttacker.m */; };
		2C0D10441991310F00795828 /* Attacker.png in Resources */ = {isa = PBXBuildFile; fileRef = 2C0D10431991310F00795828 /* Attacker.png */; };
		2C0D104719915CED00795828 /* TAProtector.m in Sources */ = {isa = PBXBuildFile; fileRef = 2C0D104619915CED00795828 /* TAProtector.m */; };
		2C0D104A199166E300795828 /* Protector.png in Resources */ = {isa = PBXBuildFile; fileRef = 2C0D1049199166E300795828 /* Protector.png */; };
		2C0D104D19916B8200795828 /* TADemon.m in Sources */ = {isa = PBXBuildFile; fileRef = 2C0D104C19916B8200795828 /* TADemon.m */; };
		2C0D104F19916D0F00795828 /* Demon.png in Resources */ = {isa = PBXBuildFile; fileRef = 2C0D104E19916D0F00795828 /* Demon.png */; };
		2C0D105219926C1200795828 /* TANinja.m in Sources */ = {isa = PBXBuildFile; fileRef = 2C0D105119926C1200795828 /* TANinja.m */; };
		2C0D1054199272A300795828 /* Ninja.png in Resources */ = {isa = PBXBuildFile; fileRef = 2C0D1053199272A300795828 /* Ninja.png */; };
		2C0D1056199287F300795828 /* sand@2x.jpg in Resources */ = {isa = PBXBuildFile; fileRef = 2C0D1055199287F300795828 /* sand@2x.jpg */; };
		2C0D10591992A13100795828 /* Fire.png in Resources */ = {isa = PBXBuildFile; fileRef = 2C0D10581992A13100795828 /* Fire.png */; };
		2C28D0C91986946500E9499C /* LevelStripe.png in Resources */ = {isa = PBXBuildFile; fileRef = 2C28D0C81986946500E9499C /* LevelStripe.png */; };
		2C28D0CC1986CE7500E9499C /* Cancel.png in Resources */ = {isa = PBXBuildFile; fileRef = 2C28D0CA1986CE7500E9499C /* Cancel.png */; };
		2C28D0CD1986CE7500E9499C /* Confirm.png in Resources */ = {isa = PBXBuildFile; fileRef = 2C28D0CB1986CE7500E9499C /* Confirm.png */; };
		2C427258199A6A9F00B3E7C6 /* TAProfileViewController.m in Sources */ = {isa = PBXBuildFile; fileRef = 2C427257199A6A9F00B3E7C6 /* TAProfileViewController.m */; };
		2C42725A199BDC1000B3E7C6 /* Projectile.sks in Resources */ = {isa = PBXBuildFile; fileRef = 2C427259199BDC1000B3E7C6 /* Projectile.sks */; };
		2C42725E199D09AE00B3E7C6 /* StartWave@2x.png in Resources */ = {isa = PBXBuildFile; fileRef = 2C42725D199D09AE00B3E7C6 /* StartWave@2x.png */; };
		2C427260199D09B500B3E7C6 /* PauseButton@2x.png in Resources */ = {isa = PBXBuildFile; fileRef = 2C42725F199D09B500B3E7C6 /* PauseButton@2x.png */; };
		2C6828BD1976CEB2001FEDFA /* Images.atlas in Resources */ = {isa = PBXBuildFile; fileRef = 2C6828BC1976CEB2001FEDFA /* Images.atlas */; };
		2C6828BF1976D4F8001FEDFA /* FreezeTower.png in Resources */ = {isa = PBXBuildFile; fileRef = 2C6828BE1976D4F8001FEDFA /* FreezeTower.png */; };
		2C6828C41976D7A5001FEDFA /* BlastTower@2x.png in Resources */ = {isa = PBXBuildFile; fileRef = 2C6828C11976D7A5001FEDFA /* BlastTower@2x.png */; };
		2C6828C81976F47B001FEDFA /* TAFreezeTower.m in Sources */ = {isa = PBXBuildFile; fileRef = 2C6828C71976F47B001FEDFA /* TAFreezeTower.m */; };
		2C6828CB1976F499001FEDFA /* TABlastTower.m in Sources */ = {isa = PBXBuildFile; fileRef = 2C6828CA1976F499001FEDFA /* TABlastTower.m */; };
		2C6828D21977105B001FEDFA /* TATower.m in Sources */ = {isa = PBXBuildFile; fileRef = 2C6828D11977105B001FEDFA /* TATower.m */; };
		2C6ECC6A196DC9BC00053238 /* TAUIOverlay.m in Sources */ = {isa = PBXBuildFile; fileRef = 2C6ECC69196DC9BC00053238 /* TAUIOverlay.m */; };
		2C7E6CBA1977140A0017BE62 /* TAFireballTower.m in Sources */ = {isa = PBXBuildFile; fileRef = 2C7E6CB91977140A0017BE62 /* TAFireballTower.m */; };
		2C842E951977255100C98606 /* Blast.sks in Resources */ = {isa = PBXBuildFile; fileRef = 2C842E941977255100C98606 /* Blast.sks */; };
		2C842E9719782FD500C98606 /* Frost.sks in Resources */ = {isa = PBXBuildFile; fileRef = 2C842E9619782FD500C98606 /* Frost.sks */; };
		2C9D2806199A549200B10538 /* TAPlayerProfile.m in Sources */ = {isa = PBXBuildFile; fileRef = 2C9D2805199A549200B10538 /* TAPlayerProfile.m */; };
		2CA3D7D9197422CE0042BB27 /* TATowerInfoPanel.m in Sources */ = {isa = PBXBuildFile; fileRef = 2CA3D7D8197422CE0042BB27 /* TATowerInfoPanel.m */; };
		2CA3D7DC197437400042BB27 /* TAUnit.m in Sources */ = {isa = PBXBuildFile; fileRef = 2CA3D7DB197437400042BB27 /* TAUnit.m */; };
		2CA3D7DE197441F90042BB27 /* TowerPlaced.wav in Resources */ = {isa = PBXBuildFile; fileRef = 2CA3D7DD197441F90042BB27 /* TowerPlaced.wav */; };
		2CA3D7E019745F220042BB27 /* Game Data.plist in Resources */ = {isa = PBXBuildFile; fileRef = 2CA3D7DF19745F220042BB27 /* Game Data.plist */; };
		2CA3D7E3197568630042BB27 /* TATowerPurchaseSidebar.m in Sources */ = {isa = PBXBuildFile; fileRef = 2CA3D7E2197568630042BB27 /* TATowerPurchaseSidebar.m */; };
		2CD8D47E196B21E100F4BA87 /* Foundation.framework in Frameworks */ = {isa = PBXBuildFile; fileRef = 2CD8D47D196B21E100F4BA87 /* Foundation.framework */; };
		2CD8D480196B21E100F4BA87 /* CoreGraphics.framework in Frameworks */ = {isa = PBXBuildFile; fileRef = 2CD8D47F196B21E100F4BA87 /* CoreGraphics.framework */; };
		2CD8D482196B21E100F4BA87 /* UIKit.framework in Frameworks */ = {isa = PBXBuildFile; fileRef = 2CD8D481196B21E100F4BA87 /* UIKit.framework */; };
		2CD8D484196B21E100F4BA87 /* SpriteKit.framework in Frameworks */ = {isa = PBXBuildFile; fileRef = 2CD8D483196B21E100F4BA87 /* SpriteKit.framework */; };
		2CD8D48A196B21E200F4BA87 /* InfoPlist.strings in Resources */ = {isa = PBXBuildFile; fileRef = 2CD8D488196B21E200F4BA87 /* InfoPlist.strings */; };
		2CD8D48C196B21E200F4BA87 /* main.m in Sources */ = {isa = PBXBuildFile; fileRef = 2CD8D48B196B21E200F4BA87 /* main.m */; };
		2CD8D490196B21E200F4BA87 /* AppDelegate.m in Sources */ = {isa = PBXBuildFile; fileRef = 2CD8D48F196B21E200F4BA87 /* AppDelegate.m */; };
		2CD8D493196B21E200F4BA87 /* Main.storyboard in Resources */ = {isa = PBXBuildFile; fileRef = 2CD8D491196B21E200F4BA87 /* Main.storyboard */; };
		2CD8D496196B21E200F4BA87 /* TAMainMenuViewController.m in Sources */ = {isa = PBXBuildFile; fileRef = 2CD8D495196B21E200F4BA87 /* TAMainMenuViewController.m */; };
		2CD8D499196B21E200F4BA87 /* TABattleScene.m in Sources */ = {isa = PBXBuildFile; fileRef = 2CD8D498196B21E200F4BA87 /* TABattleScene.m */; };
		2CD8D49D196B21E200F4BA87 /* Images.xcassets in Resources */ = {isa = PBXBuildFile; fileRef = 2CD8D49C196B21E200F4BA87 /* Images.xcassets */; };
		2CD8D4A4196B21E200F4BA87 /* XCTest.framework in Frameworks */ = {isa = PBXBuildFile; fileRef = 2CD8D4A3196B21E200F4BA87 /* XCTest.framework */; };
		2CD8D4A5196B21E200F4BA87 /* Foundation.framework in Frameworks */ = {isa = PBXBuildFile; fileRef = 2CD8D47D196B21E100F4BA87 /* Foundation.framework */; };
		2CD8D4A6196B21E200F4BA87 /* UIKit.framework in Frameworks */ = {isa = PBXBuildFile; fileRef = 2CD8D481196B21E100F4BA87 /* UIKit.framework */; };
		2CD8D4AE196B21E200F4BA87 /* InfoPlist.strings in Resources */ = {isa = PBXBuildFile; fileRef = 2CD8D4AC196B21E200F4BA87 /* InfoPlist.strings */; };
		2CD8D4B0196B21E200F4BA87 /* TowerAttackTests.m in Sources */ = {isa = PBXBuildFile; fileRef = 2CD8D4AF196B21E200F4BA87 /* TowerAttackTests.m */; };
		2CE59DF7196B2A6500FF3BD4 /* TANonPassiveTower.m in Sources */ = {isa = PBXBuildFile; fileRef = 2CE59DF6196B2A6500FF3BD4 /* TANonPassiveTower.m */; };
		2CE59DFC196B30B900FF3BD4 /* TAEnemy.m in Sources */ = {isa = PBXBuildFile; fileRef = 2CE59DFB196B30B900FF3BD4 /* TAEnemy.m */; };
		2CE6ACD4197EADC9006CAB16 /* PsychicDamage.sks in Resources */ = {isa = PBXBuildFile; fileRef = 2CE6ACD2197EADC9006CAB16 /* PsychicDamage.sks */; };
		2CE6ACD5197EADC9006CAB16 /* spark.png in Resources */ = {isa = PBXBuildFile; fileRef = 2CE6ACD3197EADC9006CAB16 /* spark.png */; };
/* End PBXBuildFile section */

/* Begin PBXContainerItemProxy section */
		2C0D1028198AA29800795828 /* PBXContainerItemProxy */ = {
			isa = PBXContainerItemProxy;
			containerPortal = 2CD8D472196B21E100F4BA87 /* Project object */;
			proxyType = 1;
			remoteGlobalIDString = 2CD8D479196B21E100F4BA87;
			remoteInfo = TowerAttack;
		};
		2CD8D4A7196B21E200F4BA87 /* PBXContainerItemProxy */ = {
			isa = PBXContainerItemProxy;
			containerPortal = 2CD8D472196B21E100F4BA87 /* Project object */;
			proxyType = 1;
			remoteGlobalIDString = 2CD8D479196B21E100F4BA87;
			remoteInfo = TowerAttack;
		};
/* End PBXContainerItemProxy section */

/* Begin PBXFileReference section */
		2C0846E51980335500BB3632 /* grass14.png */ = {isa = PBXFileReference; lastKnownFileType = image.png; path = grass14.png; sourceTree = "<group>"; };
		2C08A30D1979B786001A2BCF /* TAPsychicTower.h */ = {isa = PBXFileReference; fileEncoding = 4; lastKnownFileType = sourcecode.c.h; path = TAPsychicTower.h; sourceTree = "<group>"; };
		2C08A30E1979B786001A2BCF /* TAPsychicTower.m */ = {isa = PBXFileReference; fileEncoding = 4; lastKnownFileType = sourcecode.c.objc; path = TAPsychicTower.m; sourceTree = "<group>"; };
		2C08A3121979BAEA001A2BCF /* SpinTower.png */ = {isa = PBXFileReference; lastKnownFileType = image.png; path = SpinTower.png; sourceTree = "<group>"; };
		2C0D102A198AD7E200795828 /* TAInfoPopUp.h */ = {isa = PBXFileReference; fileEncoding = 4; lastKnownFileType = sourcecode.c.h; path = TAInfoPopUp.h; sourceTree = "<group>"; };
		2C0D102B198AD7E200795828 /* TAInfoPopUp.m */ = {isa = PBXFileReference; fileEncoding = 4; lastKnownFileType = sourcecode.c.objc; path = TAInfoPopUp.m; sourceTree = "<group>"; };
		2C0D102D198BDCF600795828 /* TALabel.h */ = {isa = PBXFileReference; fileEncoding = 4; lastKnownFileType = sourcecode.c.h; path = TALabel.h; sourceTree = "<group>"; };
		2C0D102E198BDCF600795828 /* TALabel.m */ = {isa = PBXFileReference; fileEncoding = 4; lastKnownFileType = sourcecode.c.objc; path = TALabel.m; sourceTree = "<group>"; };
		2C0D1030198BDF3300795828 /* coin.png */ = {isa = PBXFileReference; lastKnownFileType = image.png; path = coin.png; sourceTree = "<group>"; };
		2C0D1034198BE22A00795828 /* coin1.png */ = {isa = PBXFileReference; lastKnownFileType = image.png; path = coin1.png; sourceTree = "<group>"; };
		2C0D1036198BE62700795828 /* heart.png */ = {isa = PBXFileReference; lastKnownFileType = image.png; path = heart.png; sourceTree = "<group>"; };
		2C0D1038198BE82900795828 /* coin2.png */ = {isa = PBXFileReference; lastKnownFileType = image.png; path = coin2.png; sourceTree = "<group>"; };
		2C0D103B198C063A00795828 /* TAButton.h */ = {isa = PBXFileReference; fileEncoding = 4; lastKnownFileType = sourcecode.c.h; path = TAButton.h; sourceTree = "<group>"; };
		2C0D103C198C063A00795828 /* TAButton.m */ = {isa = PBXFileReference; fileEncoding = 4; lastKnownFileType = sourcecode.c.objc; path = TAButton.m; sourceTree = "<group>"; };
		2C0D103E198C0DA300795828 /* Grass@2x.jpg */ = {isa = PBXFileReference; lastKnownFileType = image.jpeg; path = "Grass@2x.jpg"; sourceTree = "<group>"; };
		2C0D1040199127E700795828 /* TAAttacker.h */ = {isa = PBXFileReference; fileEncoding = 4; lastKnownFileType = sourcecode.c.h; path = TAAttacker.h; sourceTree = "<group>"; };
		2C0D1041199127E700795828 /* TAAttacker.m */ = {isa = PBXFileReference; fileEncoding = 4; lastKnownFileType = sourcecode.c.objc; path = TAAttacker.m; sourceTree = "<group>"; };
		2C0D10431991310F00795828 /* Attacker.png */ = {isa = PBXFileReference; lastKnownFileType = image.png; path = Attacker.png; sourceTree = "<group>"; };
		2C0D104519915CED00795828 /* TAProtector.h */ = {isa = PBXFileReference; fileEncoding = 4; lastKnownFileType = sourcecode.c.h; path = TAProtector.h; sourceTree = "<group>"; };
		2C0D104619915CED00795828 /* TAProtector.m */ = {isa = PBXFileReference; fileEncoding = 4; lastKnownFileType = sourcecode.c.objc; path = TAProtector.m; sourceTree = "<group>"; };
		2C0D1049199166E300795828 /* Protector.png */ = {isa = PBXFileReference; lastKnownFileType = image.png; path = Protector.png; sourceTree = "<group>"; };
		2C0D104B19916B8200795828 /* TADemon.h */ = {isa = PBXFileReference; fileEncoding = 4; lastKnownFileType = sourcecode.c.h; path = TADemon.h; sourceTree = "<group>"; };
		2C0D104C19916B8200795828 /* TADemon.m */ = {isa = PBXFileReference; fileEncoding = 4; lastKnownFileType = sourcecode.c.objc; path = TADemon.m; sourceTree = "<group>"; };
		2C0D104E19916D0F00795828 /* Demon.png */ = {isa = PBXFileReference; lastKnownFileType = image.png; path = Demon.png; sourceTree = "<group>"; };
		2C0D105019926C1200795828 /* TANinja.h */ = {isa = PBXFileReference; fileEncoding = 4; lastKnownFileType = sourcecode.c.h; path = TANinja.h; sourceTree = "<group>"; };
		2C0D105119926C1200795828 /* TANinja.m */ = {isa = PBXFileReference; fileEncoding = 4; lastKnownFileType = sourcecode.c.objc; path = TANinja.m; sourceTree = "<group>"; };
		2C0D1053199272A300795828 /* Ninja.png */ = {isa = PBXFileReference; lastKnownFileType = image.png; path = Ninja.png; sourceTree = "<group>"; };
		2C0D1055199287F300795828 /* sand@2x.jpg */ = {isa = PBXFileReference; lastKnownFileType = image.jpeg; path = "sand@2x.jpg"; sourceTree = "<group>"; };
		2C0D10581992A13100795828 /* Fire.png */ = {isa = PBXFileReference; lastKnownFileType = image.png; path = Fire.png; sourceTree = "<group>"; };
		2C28D0C81986946500E9499C /* LevelStripe.png */ = {isa = PBXFileReference; lastKnownFileType = image.png; path = LevelStripe.png; sourceTree = "<group>"; };
		2C28D0CA1986CE7500E9499C /* Cancel.png */ = {isa = PBXFileReference; lastKnownFileType = image.png; path = Cancel.png; sourceTree = "<group>"; };
		2C28D0CB1986CE7500E9499C /* Confirm.png */ = {isa = PBXFileReference; lastKnownFileType = image.png; path = Confirm.png; sourceTree = "<group>"; };
		2C427256199A6A9F00B3E7C6 /* TAProfileViewController.h */ = {isa = PBXFileReference; fileEncoding = 4; lastKnownFileType = sourcecode.c.h; path = TAProfileViewController.h; sourceTree = "<group>"; };
		2C427257199A6A9F00B3E7C6 /* TAProfileViewController.m */ = {isa = PBXFileReference; fileEncoding = 4; lastKnownFileType = sourcecode.c.objc; path = TAProfileViewController.m; sourceTree = "<group>"; };
		2C427259199BDC1000B3E7C6 /* Projectile.sks */ = {isa = PBXFileReference; lastKnownFileType = file.sks; name = Projectile.sks; path = Images.atlas/Projectile.sks; sourceTree = "<group>"; };
		2C42725D199D09AE00B3E7C6 /* StartWave@2x.png */ = {isa = PBXFileReference; lastKnownFileType = image.png; path = "StartWave@2x.png"; sourceTree = "<group>"; };
		2C42725F199D09B500B3E7C6 /* PauseButton@2x.png */ = {isa = PBXFileReference; lastKnownFileType = image.png; path = "PauseButton@2x.png"; sourceTree = "<group>"; };
		2C6828BC1976CEB2001FEDFA /* Images.atlas */ = {isa = PBXFileReference; lastKnownFileType = folder.skatlas; path = Images.atlas; sourceTree = "<group>"; };
		2C6828BE1976D4F8001FEDFA /* FreezeTower.png */ = {isa = PBXFileReference; lastKnownFileType = image.png; path = FreezeTower.png; sourceTree = "<group>"; };
		2C6828C11976D7A5001FEDFA /* BlastTower@2x.png */ = {isa = PBXFileReference; lastKnownFileType = image.png; path = "BlastTower@2x.png"; sourceTree = "<group>"; };
		2C6828C61976F47B001FEDFA /* TAFreezeTower.h */ = {isa = PBXFileReference; fileEncoding = 4; lastKnownFileType = sourcecode.c.h; path = TAFreezeTower.h; sourceTree = "<group>"; };
		2C6828C71976F47B001FEDFA /* TAFreezeTower.m */ = {isa = PBXFileReference; fileEncoding = 4; lastKnownFileType = sourcecode.c.objc; path = TAFreezeTower.m; sourceTree = "<group>"; };
		2C6828C91976F499001FEDFA /* TABlastTower.h */ = {isa = PBXFileReference; fileEncoding = 4; lastKnownFileType = sourcecode.c.h; path = TABlastTower.h; sourceTree = "<group>"; };
		2C6828CA1976F499001FEDFA /* TABlastTower.m */ = {isa = PBXFileReference; fileEncoding = 4; lastKnownFileType = sourcecode.c.objc; path = TABlastTower.m; sourceTree = "<group>"; };
		2C6828D01977105B001FEDFA /* TATower.h */ = {isa = PBXFileReference; fileEncoding = 4; lastKnownFileType = sourcecode.c.h; path = TATower.h; sourceTree = "<group>"; };
		2C6828D11977105B001FEDFA /* TATower.m */ = {isa = PBXFileReference; fileEncoding = 4; lastKnownFileType = sourcecode.c.objc; path = TATower.m; sourceTree = "<group>"; };
		2C6ECC68196DC9BC00053238 /* TAUIOverlay.h */ = {isa = PBXFileReference; fileEncoding = 4; lastKnownFileType = sourcecode.c.h; path = TAUIOverlay.h; sourceTree = "<group>"; };
		2C6ECC69196DC9BC00053238 /* TAUIOverlay.m */ = {isa = PBXFileReference; fileEncoding = 4; lastKnownFileType = sourcecode.c.objc; path = TAUIOverlay.m; sourceTree = "<group>"; };
		2C7E6CB81977140A0017BE62 /* TAFireballTower.h */ = {isa = PBXFileReference; fileEncoding = 4; lastKnownFileType = sourcecode.c.h; path = TAFireballTower.h; sourceTree = "<group>"; };
		2C7E6CB91977140A0017BE62 /* TAFireballTower.m */ = {isa = PBXFileReference; fileEncoding = 4; lastKnownFileType = sourcecode.c.objc; path = TAFireballTower.m; sourceTree = "<group>"; };
		2C842E941977255100C98606 /* Blast.sks */ = {isa = PBXFileReference; lastKnownFileType = file.sks; name = Blast.sks; path = Images.atlas/Blast.sks; sourceTree = "<group>"; };
		2C842E9619782FD500C98606 /* Frost.sks */ = {isa = PBXFileReference; lastKnownFileType = file.sks; name = Frost.sks; path = Images.atlas/Frost.sks; sourceTree = "<group>"; };
		2C9D2804199A549200B10538 /* TAPlayerProfile.h */ = {isa = PBXFileReference; fileEncoding = 4; lastKnownFileType = sourcecode.c.h; path = TAPlayerProfile.h; sourceTree = "<group>"; };
		2C9D2805199A549200B10538 /* TAPlayerProfile.m */ = {isa = PBXFileReference; fileEncoding = 4; lastKnownFileType = sourcecode.c.objc; path = TAPlayerProfile.m; sourceTree = "<group>"; };
		2CA3D7D7197422CE0042BB27 /* TATowerInfoPanel.h */ = {isa = PBXFileReference; fileEncoding = 4; lastKnownFileType = sourcecode.c.h; path = TATowerInfoPanel.h; sourceTree = "<group>"; };
		2CA3D7D8197422CE0042BB27 /* TATowerInfoPanel.m */ = {isa = PBXFileReference; fileEncoding = 4; lastKnownFileType = sourcecode.c.objc; path = TATowerInfoPanel.m; sourceTree = "<group>"; };
		2CA3D7DA197437400042BB27 /* TAUnit.h */ = {isa = PBXFileReference; fileEncoding = 4; lastKnownFileType = sourcecode.c.h; path = TAUnit.h; sourceTree = "<group>"; };
		2CA3D7DB197437400042BB27 /* TAUnit.m */ = {isa = PBXFileReference; fileEncoding = 4; lastKnownFileType = sourcecode.c.objc; path = TAUnit.m; sourceTree = "<group>"; };
		2CA3D7DD197441F90042BB27 /* TowerPlaced.wav */ = {isa = PBXFileReference; lastKnownFileType = audio.wav; path = TowerPlaced.wav; sourceTree = "<group>"; };
		2CA3D7DF19745F220042BB27 /* Game Data.plist */ = {isa = PBXFileReference; fileEncoding = 4; lastKnownFileType = text.plist.xml; path = "Game Data.plist"; sourceTree = "<group>"; };
		2CA3D7E1197568630042BB27 /* TATowerPurchaseSidebar.h */ = {isa = PBXFileReference; fileEncoding = 4; lastKnownFileType = sourcecode.c.h; path = TATowerPurchaseSidebar.h; sourceTree = "<group>"; };
		2CA3D7E2197568630042BB27 /* TATowerPurchaseSidebar.m */ = {isa = PBXFileReference; fileEncoding = 4; lastKnownFileType = sourcecode.c.objc; path = TATowerPurchaseSidebar.m; sourceTree = "<group>"; };
		2CD8D47A196B21E100F4BA87 /* TowerAttack.app */ = {isa = PBXFileReference; explicitFileType = wrapper.application; includeInIndex = 0; path = TowerAttack.app; sourceTree = BUILT_PRODUCTS_DIR; };
		2CD8D47D196B21E100F4BA87 /* Foundation.framework */ = {isa = PBXFileReference; lastKnownFileType = wrapper.framework; name = Foundation.framework; path = System/Library/Frameworks/Foundation.framework; sourceTree = SDKROOT; };
		2CD8D47F196B21E100F4BA87 /* CoreGraphics.framework */ = {isa = PBXFileReference; lastKnownFileType = wrapper.framework; name = CoreGraphics.framework; path = System/Library/Frameworks/CoreGraphics.framework; sourceTree = SDKROOT; };
		2CD8D481196B21E100F4BA87 /* UIKit.framework */ = {isa = PBXFileReference; lastKnownFileType = wrapper.framework; name = UIKit.framework; path = System/Library/Frameworks/UIKit.framework; sourceTree = SDKROOT; };
		2CD8D483196B21E100F4BA87 /* SpriteKit.framework */ = {isa = PBXFileReference; lastKnownFileType = wrapper.framework; name = SpriteKit.framework; path = System/Library/Frameworks/SpriteKit.framework; sourceTree = SDKROOT; };
		2CD8D487196B21E200F4BA87 /* TowerAttack-Info.plist */ = {isa = PBXFileReference; lastKnownFileType = text.plist.xml; path = "TowerAttack-Info.plist"; sourceTree = "<group>"; };
		2CD8D489196B21E200F4BA87 /* en */ = {isa = PBXFileReference; lastKnownFileType = text.plist.strings; name = en; path = en.lproj/InfoPlist.strings; sourceTree = "<group>"; };
		2CD8D48B196B21E200F4BA87 /* main.m */ = {isa = PBXFileReference; lastKnownFileType = sourcecode.c.objc; path = main.m; sourceTree = "<group>"; };
		2CD8D48D196B21E200F4BA87 /* TowerAttack-Prefix.pch */ = {isa = PBXFileReference; lastKnownFileType = sourcecode.c.h; path = "TowerAttack-Prefix.pch"; sourceTree = "<group>"; };
		2CD8D48E196B21E200F4BA87 /* AppDelegate.h */ = {isa = PBXFileReference; lastKnownFileType = sourcecode.c.h; path = AppDelegate.h; sourceTree = "<group>"; };
		2CD8D48F196B21E200F4BA87 /* AppDelegate.m */ = {isa = PBXFileReference; lastKnownFileType = sourcecode.c.objc; path = AppDelegate.m; sourceTree = "<group>"; };
		2CD8D492196B21E200F4BA87 /* Base */ = {isa = PBXFileReference; lastKnownFileType = file.storyboard; name = Base; path = Base.lproj/Main.storyboard; sourceTree = "<group>"; };
		2CD8D494196B21E200F4BA87 /* TAMainMenuViewController.h */ = {isa = PBXFileReference; lastKnownFileType = sourcecode.c.h; path = TAMainMenuViewController.h; sourceTree = "<group>"; };
		2CD8D495196B21E200F4BA87 /* TAMainMenuViewController.m */ = {isa = PBXFileReference; lastKnownFileType = sourcecode.c.objc; path = TAMainMenuViewController.m; sourceTree = "<group>"; };
		2CD8D497196B21E200F4BA87 /* TABattleScene.h */ = {isa = PBXFileReference; lastKnownFileType = sourcecode.c.h; path = TABattleScene.h; sourceTree = "<group>"; };
		2CD8D498196B21E200F4BA87 /* TABattleScene.m */ = {isa = PBXFileReference; lastKnownFileType = sourcecode.c.objc; path = TABattleScene.m; sourceTree = "<group>"; };
		2CD8D49C196B21E200F4BA87 /* Images.xcassets */ = {isa = PBXFileReference; lastKnownFileType = folder.assetcatalog; path = Images.xcassets; sourceTree = "<group>"; };
		2CD8D4A2196B21E200F4BA87 /* TowerAttackTests.xctest */ = {isa = PBXFileReference; explicitFileType = wrapper.cfbundle; includeInIndex = 0; path = TowerAttackTests.xctest; sourceTree = BUILT_PRODUCTS_DIR; };
		2CD8D4A3196B21E200F4BA87 /* XCTest.framework */ = {isa = PBXFileReference; lastKnownFileType = wrapper.framework; name = XCTest.framework; path = Library/Frameworks/XCTest.framework; sourceTree = DEVELOPER_DIR; };
		2CD8D4AB196B21E200F4BA87 /* TowerAttackTests-Info.plist */ = {isa = PBXFileReference; lastKnownFileType = text.plist.xml; path = "TowerAttackTests-Info.plist"; sourceTree = "<group>"; };
		2CD8D4AD196B21E200F4BA87 /* en */ = {isa = PBXFileReference; lastKnownFileType = text.plist.strings; name = en; path = en.lproj/InfoPlist.strings; sourceTree = "<group>"; };
		2CD8D4AF196B21E200F4BA87 /* TowerAttackTests.m */ = {isa = PBXFileReference; lastKnownFileType = sourcecode.c.objc; path = TowerAttackTests.m; sourceTree = "<group>"; };
		2CE59DF5196B2A6500FF3BD4 /* TANonPassiveTower.h */ = {isa = PBXFileReference; fileEncoding = 4; lastKnownFileType = sourcecode.c.h; path = TANonPassiveTower.h; sourceTree = "<group>"; };
		2CE59DF6196B2A6500FF3BD4 /* TANonPassiveTower.m */ = {isa = PBXFileReference; fileEncoding = 4; lastKnownFileType = sourcecode.c.objc; path = TANonPassiveTower.m; sourceTree = "<group>"; };
		2CE59DFA196B30B900FF3BD4 /* TAEnemy.h */ = {isa = PBXFileReference; fileEncoding = 4; lastKnownFileType = sourcecode.c.h; path = TAEnemy.h; sourceTree = "<group>"; };
		2CE59DFB196B30B900FF3BD4 /* TAEnemy.m */ = {isa = PBXFileReference; fileEncoding = 4; lastKnownFileType = sourcecode.c.objc; path = TAEnemy.m; sourceTree = "<group>"; };
		2CE6ACD2197EADC9006CAB16 /* PsychicDamage.sks */ = {isa = PBXFileReference; lastKnownFileType = file.sks; path = PsychicDamage.sks; sourceTree = "<group>"; };
		2CE6ACD3197EADC9006CAB16 /* spark.png */ = {isa = PBXFileReference; lastKnownFileType = image.png; path = spark.png; sourceTree = "<group>"; };
/* End PBXFileReference section */

/* Begin PBXFrameworksBuildPhase section */
		2CD8D477196B21E100F4BA87 /* Frameworks */ = {
			isa = PBXFrameworksBuildPhase;
			buildActionMask = 2147483647;
			files = (
				2CD8D480196B21E100F4BA87 /* CoreGraphics.framework in Frameworks */,
				2CD8D482196B21E100F4BA87 /* UIKit.framework in Frameworks */,
				2CD8D484196B21E100F4BA87 /* SpriteKit.framework in Frameworks */,
				2CD8D47E196B21E100F4BA87 /* Foundation.framework in Frameworks */,
			);
			runOnlyForDeploymentPostprocessing = 0;
		};
		2CD8D49F196B21E200F4BA87 /* Frameworks */ = {
			isa = PBXFrameworksBuildPhase;
			buildActionMask = 2147483647;
			files = (
				2CD8D4A4196B21E200F4BA87 /* XCTest.framework in Frameworks */,
				2CD8D4A6196B21E200F4BA87 /* UIKit.framework in Frameworks */,
				2CD8D4A5196B21E200F4BA87 /* Foundation.framework in Frameworks */,
			);
			runOnlyForDeploymentPostprocessing = 0;
		};
/* End PBXFrameworksBuildPhase section */

/* Begin PBXGroup section */
		2C0D103A198C062200795828 /* Custom Views */ = {
			isa = PBXGroup;
			children = (
				2C0D102D198BDCF600795828 /* TALabel.h */,
				2C0D102E198BDCF600795828 /* TALabel.m */,
				2C0D103B198C063A00795828 /* TAButton.h */,
				2C0D103C198C063A00795828 /* TAButton.m */,
			);
			name = "Custom Views";
			sourceTree = "<group>";
		};
		2C427255199A6A4000B3E7C6 /* View Controllers */ = {
			isa = PBXGroup;
			children = (
				2CD8D494196B21E200F4BA87 /* TAMainMenuViewController.h */,
				2CD8D495196B21E200F4BA87 /* TAMainMenuViewController.m */,
				2C427256199A6A9F00B3E7C6 /* TAProfileViewController.h */,
				2C427257199A6A9F00B3E7C6 /* TAProfileViewController.m */,
				2CD8D491196B21E200F4BA87 /* Main.storyboard */,
			);
			name = "View Controllers";
			sourceTree = "<group>";
		};
		2C6828CC1976F4AE001FEDFA /* Units */ = {
			isa = PBXGroup;
			children = (
				2CA3D7DA197437400042BB27 /* TAUnit.h */,
				2CA3D7DB197437400042BB27 /* TAUnit.m */,
				2C6828CD1976F4C3001FEDFA /* Towers */,
				2C6828CE1976F4D1001FEDFA /* Enemies */,
			);
			name = Units;
			sourceTree = "<group>";
		};
		2C6828CD1976F4C3001FEDFA /* Towers */ = {
			isa = PBXGroup;
			children = (
				2C6828D01977105B001FEDFA /* TATower.h */,
				2C6828D11977105B001FEDFA /* TATower.m */,
				2CE59DF5196B2A6500FF3BD4 /* TANonPassiveTower.h */,
				2CE59DF6196B2A6500FF3BD4 /* TANonPassiveTower.m */,
				2C7E6CB81977140A0017BE62 /* TAFireballTower.h */,
				2C7E6CB91977140A0017BE62 /* TAFireballTower.m */,
				2C6828C61976F47B001FEDFA /* TAFreezeTower.h */,
				2C6828C71976F47B001FEDFA /* TAFreezeTower.m */,
				2C6828C91976F499001FEDFA /* TABlastTower.h */,
				2C6828CA1976F499001FEDFA /* TABlastTower.m */,
				2C08A30D1979B786001A2BCF /* TAPsychicTower.h */,
				2C08A30E1979B786001A2BCF /* TAPsychicTower.m */,
			);
			name = Towers;
			sourceTree = "<group>";
		};
		2C6828CE1976F4D1001FEDFA /* Enemies */ = {
			isa = PBXGroup;
			children = (
				2CE59DFA196B30B900FF3BD4 /* TAEnemy.h */,
				2CE59DFB196B30B900FF3BD4 /* TAEnemy.m */,
				2C0D1040199127E700795828 /* TAAttacker.h */,
				2C0D1041199127E700795828 /* TAAttacker.m */,
				2C0D104519915CED00795828 /* TAProtector.h */,
				2C0D104619915CED00795828 /* TAProtector.m */,
				2C0D104B19916B8200795828 /* TADemon.h */,
				2C0D104C19916B8200795828 /* TADemon.m */,
				2C0D105019926C1200795828 /* TANinja.h */,
				2C0D105119926C1200795828 /* TANinja.m */,
			);
			name = Enemies;
			sourceTree = "<group>";
		};
		2C6828CF1976F527001FEDFA /* Views */ = {
			isa = PBXGroup;
			children = (
				2C0D103A198C062200795828 /* Custom Views */,
				2C0D102A198AD7E200795828 /* TAInfoPopUp.h */,
				2C0D102B198AD7E200795828 /* TAInfoPopUp.m */,
				2CA3D7E1197568630042BB27 /* TATowerPurchaseSidebar.h */,
				2CA3D7E2197568630042BB27 /* TATowerPurchaseSidebar.m */,
				2CA3D7D7197422CE0042BB27 /* TATowerInfoPanel.h */,
				2CA3D7D8197422CE0042BB27 /* TATowerInfoPanel.m */,
				2C6ECC68196DC9BC00053238 /* TAUIOverlay.h */,
				2C6ECC69196DC9BC00053238 /* TAUIOverlay.m */,
			);
			name = Views;
			sourceTree = "<group>";
		};
		2C9D2803199A546700B10538 /* Model */ = {
			isa = PBXGroup;
			children = (
				2C9D2804199A549200B10538 /* TAPlayerProfile.h */,
				2C9D2805199A549200B10538 /* TAPlayerProfile.m */,
			);
			name = Model;
			sourceTree = "<group>";
		};
		2CD8D471196B21E100F4BA87 = {
			isa = PBXGroup;
			children = (
				2CD8D485196B21E200F4BA87 /* TowerAttack */,
				2CD8D4A9196B21E200F4BA87 /* TowerAttackTests */,
				2CD8D47C196B21E100F4BA87 /* Frameworks */,
				2CD8D47B196B21E100F4BA87 /* Products */,
			);
			sourceTree = "<group>";
		};
		2CD8D47B196B21E100F4BA87 /* Products */ = {
			isa = PBXGroup;
			children = (
				2CD8D47A196B21E100F4BA87 /* TowerAttack.app */,
				2CD8D4A2196B21E200F4BA87 /* TowerAttackTests.xctest */,
			);
			name = Products;
			sourceTree = "<group>";
		};
		2CD8D47C196B21E100F4BA87 /* Frameworks */ = {
			isa = PBXGroup;
			children = (
				2CD8D47D196B21E100F4BA87 /* Foundation.framework */,
				2CD8D47F196B21E100F4BA87 /* CoreGraphics.framework */,
				2CD8D481196B21E100F4BA87 /* UIKit.framework */,
				2CD8D483196B21E100F4BA87 /* SpriteKit.framework */,
				2CD8D4A3196B21E200F4BA87 /* XCTest.framework */,
			);
			name = Frameworks;
			sourceTree = "<group>";
		};
		2CD8D485196B21E200F4BA87 /* TowerAttack */ = {
			isa = PBXGroup;
			children = (
				2CD8D48E196B21E200F4BA87 /* AppDelegate.h */,
				2CD8D48F196B21E200F4BA87 /* AppDelegate.m */,
				2CD8D497196B21E200F4BA87 /* TABattleScene.h */,
				2CD8D498196B21E200F4BA87 /* TABattleScene.m */,
				2C9D2803199A546700B10538 /* Model */,
				2C427255199A6A4000B3E7C6 /* View Controllers */,
				2C6828CF1976F527001FEDFA /* Views */,
				2C6828CC1976F4AE001FEDFA /* Units */,
				2CD8D49C196B21E200F4BA87 /* Images.xcassets */,
				2CD8D486196B21E200F4BA87 /* Supporting Files */,
			);
			path = TowerAttack;
			sourceTree = "<group>";
		};
		2CD8D486196B21E200F4BA87 /* Supporting Files */ = {
			isa = PBXGroup;
			children = (
				2C42725D199D09AE00B3E7C6 /* StartWave@2x.png */,
				2C42725F199D09B500B3E7C6 /* PauseButton@2x.png */,
				2C0D1055199287F300795828 /* sand@2x.jpg */,
				2C0D10581992A13100795828 /* Fire.png */,
				2C0D1053199272A300795828 /* Ninja.png */,
				2C0D104E19916D0F00795828 /* Demon.png */,
				2C0D10431991310F00795828 /* Attacker.png */,
				2C0D1049199166E300795828 /* Protector.png */,
				2C0D1036198BE62700795828 /* heart.png */,
				2C0D1034198BE22A00795828 /* coin1.png */,
				2C0D1038198BE82900795828 /* coin2.png */,
				2C28D0C81986946500E9499C /* LevelStripe.png */,
				2C0D1030198BDF3300795828 /* coin.png */,
				2C0846E51980335500BB3632 /* grass14.png */,
				2C0D103E198C0DA300795828 /* Grass@2x.jpg */,
				2C842E9619782FD500C98606 /* Frost.sks */,
				2C842E941977255100C98606 /* Blast.sks */,
				2C28D0CA1986CE7500E9499C /* Cancel.png */,
				2C28D0CB1986CE7500E9499C /* Confirm.png */,
				2CE6ACD2197EADC9006CAB16 /* PsychicDamage.sks */,
				2CE6ACD3197EADC9006CAB16 /* spark.png */,
				2C6828BE1976D4F8001FEDFA /* FreezeTower.png */,
				2C6828C11976D7A5001FEDFA /* BlastTower@2x.png */,
				2C08A3121979BAEA001A2BCF /* SpinTower.png */,
				2C427259199BDC1000B3E7C6 /* Projectile.sks */,
				2C6828BC1976CEB2001FEDFA /* Images.atlas */,
				2CD8D487196B21E200F4BA87 /* TowerAttack-Info.plist */,
				2CA3D7DD197441F90042BB27 /* TowerPlaced.wav */,
				2CD8D488196B21E200F4BA87 /* InfoPlist.strings */,
				2CD8D48B196B21E200F4BA87 /* main.m */,
				2CD8D48D196B21E200F4BA87 /* TowerAttack-Prefix.pch */,
				2CA3D7DF19745F220042BB27 /* Game Data.plist */,
			);
			name = "Supporting Files";
			sourceTree = "<group>";
		};
		2CD8D4A9196B21E200F4BA87 /* TowerAttackTests */ = {
			isa = PBXGroup;
			children = (
				2CD8D4AF196B21E200F4BA87 /* TowerAttackTests.m */,
				2CD8D4AA196B21E200F4BA87 /* Supporting Files */,
			);
			path = TowerAttackTests;
			sourceTree = "<group>";
		};
		2CD8D4AA196B21E200F4BA87 /* Supporting Files */ = {
			isa = PBXGroup;
			children = (
				2CD8D4AB196B21E200F4BA87 /* TowerAttackTests-Info.plist */,
				2CD8D4AC196B21E200F4BA87 /* InfoPlist.strings */,
			);
			name = "Supporting Files";
			sourceTree = "<group>";
		};
/* End PBXGroup section */

/* Begin PBXNativeTarget section */
		2CD8D479196B21E100F4BA87 /* TowerAttack */ = {
			isa = PBXNativeTarget;
			buildConfigurationList = 2CD8D4B3196B21E200F4BA87 /* Build configuration list for PBXNativeTarget "TowerAttack" */;
			buildPhases = (
				2CD8D476196B21E100F4BA87 /* Sources */,
				2CD8D477196B21E100F4BA87 /* Frameworks */,
				2CD8D478196B21E100F4BA87 /* Resources */,
			);
			buildRules = (
			);
			dependencies = (
			);
			name = TowerAttack;
			productName = TowerAttack;
			productReference = 2CD8D47A196B21E100F4BA87 /* TowerAttack.app */;
			productType = "com.apple.product-type.application";
		};
		2CD8D4A1196B21E200F4BA87 /* TowerAttackTests */ = {
			isa = PBXNativeTarget;
			buildConfigurationList = 2CD8D4B6196B21E200F4BA87 /* Build configuration list for PBXNativeTarget "TowerAttackTests" */;
			buildPhases = (
				2CD8D49E196B21E200F4BA87 /* Sources */,
				2CD8D49F196B21E200F4BA87 /* Frameworks */,
				2CD8D4A0196B21E200F4BA87 /* Resources */,
			);
			buildRules = (
			);
			dependencies = (
				2CD8D4A8196B21E200F4BA87 /* PBXTargetDependency */,
				2C0D1029198AA29800795828 /* PBXTargetDependency */,
			);
			name = TowerAttackTests;
			productName = TowerAttackTests;
			productReference = 2CD8D4A2196B21E200F4BA87 /* TowerAttackTests.xctest */;
			productType = "com.apple.product-type.bundle.unit-test";
		};
/* End PBXNativeTarget section */

/* Begin PBXProject section */
		2CD8D472196B21E100F4BA87 /* Project object */ = {
			isa = PBXProject;
			attributes = {
				LastUpgradeCheck = 0510;
				ORGANIZATIONNAME = "Ethan Hardy";
				TargetAttributes = {
					2CD8D479196B21E100F4BA87 = {
						DevelopmentTeam = 87ZFCTHS33;
					};
					2CD8D4A1196B21E200F4BA87 = {
						TestTargetID = 2CD8D479196B21E100F4BA87;
					};
				};
			};
			buildConfigurationList = 2CD8D475196B21E100F4BA87 /* Build configuration list for PBXProject "TowerAttack" */;
			compatibilityVersion = "Xcode 3.2";
			developmentRegion = English;
			hasScannedForEncodings = 0;
			knownRegions = (
				en,
				Base,
			);
			mainGroup = 2CD8D471196B21E100F4BA87;
			productRefGroup = 2CD8D47B196B21E100F4BA87 /* Products */;
			projectDirPath = "";
			projectRoot = "";
			targets = (
				2CD8D479196B21E100F4BA87 /* TowerAttack */,
				2CD8D4A1196B21E200F4BA87 /* TowerAttackTests */,
			);
		};
/* End PBXProject section */

/* Begin PBXResourcesBuildPhase section */
		2CD8D478196B21E100F4BA87 /* Resources */ = {
			isa = PBXResourcesBuildPhase;
			buildActionMask = 2147483647;
			files = (
				2C0D1054199272A300795828 /* Ninja.png in Resources */,
				2C842E951977255100C98606 /* Blast.sks in Resources */,
				2C0D1056199287F300795828 /* sand@2x.jpg in Resources */,
				2C28D0C91986946500E9499C /* LevelStripe.png in Resources */,
				2C0D1031198BDF3300795828 /* coin.png in Resources */,
				2C0D10441991310F00795828 /* Attacker.png in Resources */,
				2CD8D48A196B21E200F4BA87 /* InfoPlist.strings in Resources */,
				2C28D0CC1986CE7500E9499C /* Cancel.png in Resources */,
				2CD8D49D196B21E200F4BA87 /* Images.xcassets in Resources */,
				2C28D0CD1986CE7500E9499C /* Confirm.png in Resources */,
				2CA3D7DE197441F90042BB27 /* TowerPlaced.wav in Resources */,
				2C42725A199BDC1000B3E7C6 /* Projectile.sks in Resources */,
				2C842E9719782FD500C98606 /* Frost.sks in Resources */,
				2C0846E61980335500BB3632 /* grass14.png in Resources */,
				2C0D103F198C0DA300795828 /* Grass@2x.jpg in Resources */,
				2C0D1035198BE22A00795828 /* coin1.png in Resources */,
				2CE6ACD5197EADC9006CAB16 /* spark.png in Resources */,
				2C0D1037198BE62700795828 /* heart.png in Resources */,
				2C6828BD1976CEB2001FEDFA /* Images.atlas in Resources */,
				2CE6ACD4197EADC9006CAB16 /* PsychicDamage.sks in Resources */,
				2C0D1039198BE82900795828 /* coin2.png in Resources */,
				2C0D104A199166E300795828 /* Protector.png in Resources */,
				2C08A3131979BAEA001A2BCF /* SpinTower.png in Resources */,
				2CD8D493196B21E200F4BA87 /* Main.storyboard in Resources */,
				2C6828C41976D7A5001FEDFA /* BlastTower@2x.png in Resources */,
				2C427260199D09B500B3E7C6 /* PauseButton@2x.png in Resources */,
				2CA3D7E019745F220042BB27 /* Game Data.plist in Resources */,
				2C0D10591992A13100795828 /* Fire.png in Resources */,
				2C6828BF1976D4F8001FEDFA /* FreezeTower.png in Resources */,
				2C0D104F19916D0F00795828 /* Demon.png in Resources */,
				2C42725E199D09AE00B3E7C6 /* StartWave@2x.png in Resources */,
			);
			runOnlyForDeploymentPostprocessing = 0;
		};
		2CD8D4A0196B21E200F4BA87 /* Resources */ = {
			isa = PBXResourcesBuildPhase;
			buildActionMask = 2147483647;
			files = (
				2CD8D4AE196B21E200F4BA87 /* InfoPlist.strings in Resources */,
			);
			runOnlyForDeploymentPostprocessing = 0;
		};
/* End PBXResourcesBuildPhase section */

/* Begin PBXSourcesBuildPhase section */
		2CD8D476196B21E100F4BA87 /* Sources */ = {
			isa = PBXSourcesBuildPhase;
			buildActionMask = 2147483647;
			files = (
				2CD8D499196B21E200F4BA87 /* TABattleScene.m in Sources */,
				2CE59DFC196B30B900FF3BD4 /* TAEnemy.m in Sources */,
				2CD8D496196B21E200F4BA87 /* TAMainMenuViewController.m in Sources */,
				2C9D2806199A549200B10538 /* TAPlayerProfile.m in Sources */,
				2C08A30F1979B786001A2BCF /* TAPsychicTower.m in Sources */,
				2C0D102F198BDCF600795828 /* TALabel.m in Sources */,
				2CA3D7DC197437400042BB27 /* TAUnit.m in Sources */,
				2C7E6CBA1977140A0017BE62 /* TAFireballTower.m in Sources */,
				2CD8D490196B21E200F4BA87 /* AppDelegate.m in Sources */,
				2C427258199A6A9F00B3E7C6 /* TAProfileViewController.m in Sources */,
				2C6828D21977105B001FEDFA /* TATower.m in Sources */,
				2CA3D7E3197568630042BB27 /* TATowerPurchaseSidebar.m in Sources */,
				2C6828CB1976F499001FEDFA /* TABlastTower.m in Sources */,
				2CA3D7D9197422CE0042BB27 /* TATowerInfoPanel.m in Sources */,
				2C6ECC6A196DC9BC00053238 /* TAUIOverlay.m in Sources */,
				2C0D105219926C1200795828 /* TANinja.m in Sources */,
				2C0D104D19916B8200795828 /* TADemon.m in Sources */,
				2C6828C81976F47B001FEDFA /* TAFreezeTower.m in Sources */,
				2C0D102C198AD7E200795828 /* TAInfoPopUp.m in Sources */,
				2C0D104719915CED00795828 /* TAProtector.m in Sources */,
				2CD8D48C196B21E200F4BA87 /* main.m in Sources */,
				2C0D103D198C063A00795828 /* TAButton.m in Sources */,
				2CE59DF7196B2A6500FF3BD4 /* TANonPassiveTower.m in Sources */,
				2C0D1042199127E700795828 /* TAAttacker.m in Sources */,
			);
			runOnlyForDeploymentPostprocessing = 0;
		};
		2CD8D49E196B21E200F4BA87 /* Sources */ = {
			isa = PBXSourcesBuildPhase;
			buildActionMask = 2147483647;
			files = (
				2CD8D4B0196B21E200F4BA87 /* TowerAttackTests.m in Sources */,
			);
			runOnlyForDeploymentPostprocessing = 0;
		};
/* End PBXSourcesBuildPhase section */

/* Begin PBXTargetDependency section */
		2C0D1029198AA29800795828 /* PBXTargetDependency */ = {
			isa = PBXTargetDependency;
			target = 2CD8D479196B21E100F4BA87 /* TowerAttack */;
			targetProxy = 2C0D1028198AA29800795828 /* PBXContainerItemProxy */;
		};
		2CD8D4A8196B21E200F4BA87 /* PBXTargetDependency */ = {
			isa = PBXTargetDependency;
			target = 2CD8D479196B21E100F4BA87 /* TowerAttack */;
			targetProxy = 2CD8D4A7196B21E200F4BA87 /* PBXContainerItemProxy */;
		};
/* End PBXTargetDependency section */

/* Begin PBXVariantGroup section */
		2CD8D488196B21E200F4BA87 /* InfoPlist.strings */ = {
			isa = PBXVariantGroup;
			children = (
				2CD8D489196B21E200F4BA87 /* en */,
			);
			name = InfoPlist.strings;
			sourceTree = "<group>";
		};
		2CD8D491196B21E200F4BA87 /* Main.storyboard */ = {
			isa = PBXVariantGroup;
			children = (
				2CD8D492196B21E200F4BA87 /* Base */,
			);
			name = Main.storyboard;
			sourceTree = "<group>";
		};
		2CD8D4AC196B21E200F4BA87 /* InfoPlist.strings */ = {
			isa = PBXVariantGroup;
			children = (
				2CD8D4AD196B21E200F4BA87 /* en */,
			);
			name = InfoPlist.strings;
			sourceTree = "<group>";
		};
/* End PBXVariantGroup section */

/* Begin XCBuildConfiguration section */
		2CD8D4B1196B21E200F4BA87 /* Debug */ = {
			isa = XCBuildConfiguration;
			buildSettings = {
				ALWAYS_SEARCH_USER_PATHS = NO;
				CLANG_CXX_LANGUAGE_STANDARD = "gnu++0x";
				CLANG_CXX_LIBRARY = "libc++";
				CLANG_ENABLE_MODULES = YES;
				CLANG_ENABLE_OBJC_ARC = YES;
				CLANG_WARN_BOOL_CONVERSION = YES;
				CLANG_WARN_CONSTANT_CONVERSION = YES;
				CLANG_WARN_DIRECT_OBJC_ISA_USAGE = YES_ERROR;
				CLANG_WARN_EMPTY_BODY = YES;
				CLANG_WARN_ENUM_CONVERSION = YES;
				CLANG_WARN_INT_CONVERSION = YES;
				CLANG_WARN_OBJC_ROOT_CLASS = YES_ERROR;
				CLANG_WARN__DUPLICATE_METHOD_MATCH = YES;
				"CODE_SIGN_IDENTITY[sdk=iphoneos*]" = "iPhone Developer";
				COPY_PHASE_STRIP = NO;
				GCC_C_LANGUAGE_STANDARD = gnu99;
				GCC_DYNAMIC_NO_PIC = NO;
				GCC_OPTIMIZATION_LEVEL = 0;
				GCC_PREPROCESSOR_DEFINITIONS = (
					"DEBUG=1",
					"$(inherited)",
				);
				GCC_SYMBOLS_PRIVATE_EXTERN = NO;
				GCC_WARN_64_TO_32_BIT_CONVERSION = YES;
				GCC_WARN_ABOUT_RETURN_TYPE = YES_ERROR;
				GCC_WARN_UNDECLARED_SELECTOR = YES;
				GCC_WARN_UNINITIALIZED_AUTOS = YES_AGGRESSIVE;
				GCC_WARN_UNUSED_FUNCTION = YES;
				GCC_WARN_UNUSED_VARIABLE = YES;
				IPHONEOS_DEPLOYMENT_TARGET = 7.1;
				ONLY_ACTIVE_ARCH = YES;
				SDKROOT = iphoneos;
			};
			name = Debug;
		};
		2CD8D4B2196B21E200F4BA87 /* Release */ = {
			isa = XCBuildConfiguration;
			buildSettings = {
				ALWAYS_SEARCH_USER_PATHS = NO;
				CLANG_CXX_LANGUAGE_STANDARD = "gnu++0x";
				CLANG_CXX_LIBRARY = "libc++";
				CLANG_ENABLE_MODULES = YES;
				CLANG_ENABLE_OBJC_ARC = YES;
				CLANG_WARN_BOOL_CONVERSION = YES;
				CLANG_WARN_CONSTANT_CONVERSION = YES;
				CLANG_WARN_DIRECT_OBJC_ISA_USAGE = YES_ERROR;
				CLANG_WARN_EMPTY_BODY = YES;
				CLANG_WARN_ENUM_CONVERSION = YES;
				CLANG_WARN_INT_CONVERSION = YES;
				CLANG_WARN_OBJC_ROOT_CLASS = YES_ERROR;
				CLANG_WARN__DUPLICATE_METHOD_MATCH = YES;
				"CODE_SIGN_IDENTITY[sdk=iphoneos*]" = "iPhone Developer";
				COPY_PHASE_STRIP = YES;
				ENABLE_NS_ASSERTIONS = NO;
				GCC_C_LANGUAGE_STANDARD = gnu99;
				GCC_WARN_64_TO_32_BIT_CONVERSION = YES;
				GCC_WARN_ABOUT_RETURN_TYPE = YES_ERROR;
				GCC_WARN_UNDECLARED_SELECTOR = YES;
				GCC_WARN_UNINITIALIZED_AUTOS = YES_AGGRESSIVE;
				GCC_WARN_UNUSED_FUNCTION = YES;
				GCC_WARN_UNUSED_VARIABLE = YES;
				IPHONEOS_DEPLOYMENT_TARGET = 7.1;
				SDKROOT = iphoneos;
				VALIDATE_PRODUCT = YES;
			};
			name = Release;
		};
		2CD8D4B4196B21E200F4BA87 /* Debug */ = {
			isa = XCBuildConfiguration;
			buildSettings = {
				ASSETCATALOG_COMPILER_APPICON_NAME = AppIcon;
				ASSETCATALOG_COMPILER_LAUNCHIMAGE_NAME = LaunchImage;
				CODE_SIGN_IDENTITY = "iPhone Developer";
				"CODE_SIGN_IDENTITY[sdk=iphoneos*]" = "iPhone Developer";
				GCC_PRECOMPILE_PREFIX_HEADER = YES;
				GCC_PREFIX_HEADER = "TowerAttack/TowerAttack-Prefix.pch";
				INFOPLIST_FILE = "TowerAttack/TowerAttack-Info.plist";
				IPHONEOS_DEPLOYMENT_TARGET = 7.1;
				PRODUCT_NAME = "$(TARGET_NAME)";
				PROVISIONING_PROFILE = "";
				SPRITEKIT_TEXTURE_ATLAS_OUTPUT = YES;
				WRAPPER_EXTENSION = app;
			};
			name = Debug;
		};
		2CD8D4B5196B21E200F4BA87 /* Release */ = {
			isa = XCBuildConfiguration;
			buildSettings = {
				ASSETCATALOG_COMPILER_APPICON_NAME = AppIcon;
				ASSETCATALOG_COMPILER_LAUNCHIMAGE_NAME = LaunchImage;
				CODE_SIGN_IDENTITY = "iPhone Developer";
				"CODE_SIGN_IDENTITY[sdk=iphoneos*]" = "iPhone Developer";
				GCC_PRECOMPILE_PREFIX_HEADER = YES;
				GCC_PREFIX_HEADER = "TowerAttack/TowerAttack-Prefix.pch";
				INFOPLIST_FILE = "TowerAttack/TowerAttack-Info.plist";
				IPHONEOS_DEPLOYMENT_TARGET = 7.1;
				PRODUCT_NAME = "$(TARGET_NAME)";
				PROVISIONING_PROFILE = "";
				SPRITEKIT_TEXTURE_ATLAS_OUTPUT = YES;
				WRAPPER_EXTENSION = app;
			};
			name = Release;
		};
		2CD8D4B7196B21E200F4BA87 /* Debug */ = {
			isa = XCBuildConfiguration;
			buildSettings = {
				BUNDLE_LOADER = "$(BUILT_PRODUCTS_DIR)/TowerAttack.app/TowerAttack";
				FRAMEWORK_SEARCH_PATHS = (
					"$(SDKROOT)/Developer/Library/Frameworks",
					"$(inherited)",
					"$(DEVELOPER_FRAMEWORKS_DIR)",
				);
				GCC_PRECOMPILE_PREFIX_HEADER = YES;
				GCC_PREFIX_HEADER = "TowerAttack/TowerAttack-Prefix.pch";
				GCC_PREPROCESSOR_DEFINITIONS = (
					"DEBUG=1",
					"$(inherited)",
				);
				INFOPLIST_FILE = "TowerAttackTests/TowerAttackTests-Info.plist";
				PRODUCT_NAME = "$(TARGET_NAME)";
				TEST_HOST = "$(BUNDLE_LOADER)";
				WRAPPER_EXTENSION = xctest;
			};
			name = Debug;
		};
		2CD8D4B8196B21E200F4BA87 /* Release */ = {
			isa = XCBuildConfiguration;
			buildSettings = {
				BUNDLE_LOADER = "$(BUILT_PRODUCTS_DIR)/TowerAttack.app/TowerAttack";
				FRAMEWORK_SEARCH_PATHS = (
					"$(SDKROOT)/Developer/Library/Frameworks",
					"$(inherited)",
					"$(DEVELOPER_FRAMEWORKS_DIR)",
				);
				GCC_PRECOMPILE_PREFIX_HEADER = YES;
				GCC_PREFIX_HEADER = "TowerAttack/TowerAttack-Prefix.pch";
				INFOPLIST_FILE = "TowerAttackTests/TowerAttackTests-Info.plist";
				PRODUCT_NAME = "$(TARGET_NAME)";
				TEST_HOST = "$(BUNDLE_LOADER)";
				WRAPPER_EXTENSION = xctest;
			};
			name = Release;
		};
/* End XCBuildConfiguration section */

/* Begin XCConfigurationList section */
		2CD8D475196B21E100F4BA87 /* Build configuration list for PBXProject "TowerAttack" */ = {
			isa = XCConfigurationList;
			buildConfigurations = (
				2CD8D4B1196B21E200F4BA87 /* Debug */,
				2CD8D4B2196B21E200F4BA87 /* Release */,
			);
			defaultConfigurationIsVisible = 0;
			defaultConfigurationName = Release;
		};
		2CD8D4B3196B21E200F4BA87 /* Build configuration list for PBXNativeTarget "TowerAttack" */ = {
			isa = XCConfigurationList;
			buildConfigurations = (
				2CD8D4B4196B21E200F4BA87 /* Debug */,
				2CD8D4B5196B21E200F4BA87 /* Release */,
			);
			defaultConfigurationIsVisible = 0;
			defaultConfigurationName = Release;
		};
		2CD8D4B6196B21E200F4BA87 /* Build configuration list for PBXNativeTarget "TowerAttackTests" */ = {
			isa = XCConfigurationList;
			buildConfigurations = (
				2CD8D4B7196B21E200F4BA87 /* Debug */,
				2CD8D4B8196B21E200F4BA87 /* Release */,
			);
			defaultConfigurationIsVisible = 0;
			defaultConfigurationName = Release;
		};
/* End XCConfigurationList section */
	};
	rootObject = 2CD8D472196B21E100F4BA87 /* Project object */;
}
