// !$*UTF8*$!
{
	archiveVersion = 1;
	classes = {
	};
	objectVersion = 46;
	objects = {

/* Begin PBXBuildFile section */
		2C6ECC65196DC68F00053238 /* TowerRadius.png in Resources */ = {isa = PBXBuildFile; fileRef = 2C6ECC64196DC68F00053238 /* TowerRadius.png */; };
		2C6ECC67196DC84600053238 /* Tower.png in Resources */ = {isa = PBXBuildFile; fileRef = 2C6ECC66196DC84600053238 /* Tower.png */; };
		2C6ECC6A196DC9BC00053238 /* TAUIOverlay.m in Sources */ = {isa = PBXBuildFile; fileRef = 2C6ECC69196DC9BC00053238 /* TAUIOverlay.m */; };
		2CD8D47E196B21E100F4BA87 /* Foundation.framework in Frameworks */ = {isa = PBXBuildFile; fileRef = 2CD8D47D196B21E100F4BA87 /* Foundation.framework */; };
		2CD8D480196B21E100F4BA87 /* CoreGraphics.framework in Frameworks */ = {isa = PBXBuildFile; fileRef = 2CD8D47F196B21E100F4BA87 /* CoreGraphics.framework */; };
		2CD8D482196B21E100F4BA87 /* UIKit.framework in Frameworks */ = {isa = PBXBuildFile; fileRef = 2CD8D481196B21E100F4BA87 /* UIKit.framework */; };
		2CD8D484196B21E100F4BA87 /* SpriteKit.framework in Frameworks */ = {isa = PBXBuildFile; fileRef = 2CD8D483196B21E100F4BA87 /* SpriteKit.framework */; };
		2CD8D48A196B21E200F4BA87 /* InfoPlist.strings in Resources */ = {isa = PBXBuildFile; fileRef = 2CD8D488196B21E200F4BA87 /* InfoPlist.strings */; };
		2CD8D48C196B21E200F4BA87 /* main.m in Sources */ = {isa = PBXBuildFile; fileRef = 2CD8D48B196B21E200F4BA87 /* main.m */; };
		2CD8D490196B21E200F4BA87 /* AppDelegate.m in Sources */ = {isa = PBXBuildFile; fileRef = 2CD8D48F196B21E200F4BA87 /* AppDelegate.m */; };
		2CD8D493196B21E200F4BA87 /* Main.storyboard in Resources */ = {isa = PBXBuildFile; fileRef = 2CD8D491196B21E200F4BA87 /* Main.storyboard */; };
		2CD8D496196B21E200F4BA87 /* TAMainMenuViewController.m in Sources */ = {isa = PBXBuildFile; fileRef = 2CD8D495196B21E200F4BA87 /* TAMainMenuViewController.m */; };
		2CD8D499196B21E200F4BA87 /* TABattleScene.m in Sources */ = {isa = PBXBuildFile; fileRef = 2CD8D498196B21E200F4BA87 /* TABattleScene.m */; };
		2CD8D49D196B21E200F4BA87 /* Images.xcassets in Resources */ = {isa = PBXBuildFile; fileRef = 2CD8D49C196B21E200F4BA87 /* Images.xcassets */; };
		2CD8D4A4196B21E200F4BA87 /* XCTest.framework in Frameworks */ = {isa = PBXBuildFile; fileRef = 2CD8D4A3196B21E200F4BA87 /* XCTest.framework */; };
		2CD8D4A5196B21E200F4BA87 /* Foundation.framework in Frameworks */ = {isa = PBXBuildFile; fileRef = 2CD8D47D196B21E100F4BA87 /* Foundation.framework */; };
		2CD8D4A6196B21E200F4BA87 /* UIKit.framework in Frameworks */ = {isa = PBXBuildFile; fileRef = 2CD8D481196B21E100F4BA87 /* UIKit.framework */; };
		2CD8D4AE196B21E200F4BA87 /* InfoPlist.strings in Resources */ = {isa = PBXBuildFile; fileRef = 2CD8D4AC196B21E200F4BA87 /* InfoPlist.strings */; };
		2CD8D4B0196B21E200F4BA87 /* TowerAttackTests.m in Sources */ = {isa = PBXBuildFile; fileRef = 2CD8D4AF196B21E200F4BA87 /* TowerAttackTests.m */; };
		2CE59DF7196B2A6500FF3BD4 /* TATower.m in Sources */ = {isa = PBXBuildFile; fileRef = 2CE59DF6196B2A6500FF3BD4 /* TATower.m */; };
		2CE59DFC196B30B900FF3BD4 /* TAEnemy.m in Sources */ = {isa = PBXBuildFile; fileRef = 2CE59DFB196B30B900FF3BD4 /* TAEnemy.m */; };
		2CE59DFE196B34F700FF3BD4 /* Goblin.png in Resources */ = {isa = PBXBuildFile; fileRef = 2CE59DFD196B34F700FF3BD4 /* Goblin.png */; };
		2CFF7811196C44EF0028F4AD /* Health_Bar_Outside.png in Resources */ = {isa = PBXBuildFile; fileRef = 2CFF7810196C44EF0028F4AD /* Health_Bar_Outside.png */; };
		2CFF7813196C44F40028F4AD /* Health_Bar_Inside.png in Resources */ = {isa = PBXBuildFile; fileRef = 2CFF7812196C44F40028F4AD /* Health_Bar_Inside.png */; };
		2CFF7818196C50FF0028F4AD /* Projectile.sks in Resources */ = {isa = PBXBuildFile; fileRef = 2CFF7816196C50FF0028F4AD /* Projectile.sks */; };
		2CFF7819196C50FF0028F4AD /* spark.png in Resources */ = {isa = PBXBuildFile; fileRef = 2CFF7817196C50FF0028F4AD /* spark.png */; };
		2CFF781C196C73A70028F4AD /* TAPathDrawer.m in Sources */ = {isa = PBXBuildFile; fileRef = 2CFF781B196C73A70028F4AD /* TAPathDrawer.m */; };
/* End PBXBuildFile section */

/* Begin PBXContainerItemProxy section */
		2CD8D4A7196B21E200F4BA87 /* PBXContainerItemProxy */ = {
			isa = PBXContainerItemProxy;
			containerPortal = 2CD8D472196B21E100F4BA87 /* Project object */;
			proxyType = 1;
			remoteGlobalIDString = 2CD8D479196B21E100F4BA87;
			remoteInfo = TowerAttack;
		};
/* End PBXContainerItemProxy section */

/* Begin PBXFileReference section */
		2C6ECC64196DC68F00053238 /* TowerRadius.png */ = {isa = PBXFileReference; lastKnownFileType = image.png; path = TowerRadius.png; sourceTree = "<group>"; };
		2C6ECC66196DC84600053238 /* Tower.png */ = {isa = PBXFileReference; lastKnownFileType = image.png; path = Tower.png; sourceTree = "<group>"; };
		2C6ECC68196DC9BC00053238 /* TAUIOverlay.h */ = {isa = PBXFileReference; fileEncoding = 4; lastKnownFileType = sourcecode.c.h; path = TAUIOverlay.h; sourceTree = "<group>"; };
		2C6ECC69196DC9BC00053238 /* TAUIOverlay.m */ = {isa = PBXFileReference; fileEncoding = 4; lastKnownFileType = sourcecode.c.objc; path = TAUIOverlay.m; sourceTree = "<group>"; };
		2CD8D47A196B21E100F4BA87 /* TowerAttack.app */ = {isa = PBXFileReference; explicitFileType = wrapper.application; includeInIndex = 0; path = TowerAttack.app; sourceTree = BUILT_PRODUCTS_DIR; };
		2CD8D47D196B21E100F4BA87 /* Foundation.framework */ = {isa = PBXFileReference; lastKnownFileType = wrapper.framework; name = Foundation.framework; path = System/Library/Frameworks/Foundation.framework; sourceTree = SDKROOT; };
		2CD8D47F196B21E100F4BA87 /* CoreGraphics.framework */ = {isa = PBXFileReference; lastKnownFileType = wrapper.framework; name = CoreGraphics.framework; path = System/Library/Frameworks/CoreGraphics.framework; sourceTree = SDKROOT; };
		2CD8D481196B21E100F4BA87 /* UIKit.framework */ = {isa = PBXFileReference; lastKnownFileType = wrapper.framework; name = UIKit.framework; path = System/Library/Frameworks/UIKit.framework; sourceTree = SDKROOT; };
		2CD8D483196B21E100F4BA87 /* SpriteKit.framework */ = {isa = PBXFileReference; lastKnownFileType = wrapper.framework; name = SpriteKit.framework; path = System/Library/Frameworks/SpriteKit.framework; sourceTree = SDKROOT; };
		2CD8D487196B21E200F4BA87 /* TowerAttack-Info.plist */ = {isa = PBXFileReference; lastKnownFileType = text.plist.xml; path = "TowerAttack-Info.plist"; sourceTree = "<group>"; };
		2CD8D489196B21E200F4BA87 /* en */ = {isa = PBXFileReference; lastKnownFileType = text.plist.strings; name = en; path = en.lproj/InfoPlist.strings; sourceTree = "<group>"; };
		2CD8D48B196B21E200F4BA87 /* main.m */ = {isa = PBXFileReference; lastKnownFileType = sourcecode.c.objc; path = main.m; sourceTree = "<group>"; };
		2CD8D48D196B21E200F4BA87 /* TowerAttack-Prefix.pch */ = {isa = PBXFileReference; lastKnownFileType = sourcecode.c.h; path = "TowerAttack-Prefix.pch"; sourceTree = "<group>"; };
		2CD8D48E196B21E200F4BA87 /* AppDelegate.h */ = {isa = PBXFileReference; lastKnownFileType = sourcecode.c.h; path = AppDelegate.h; sourceTree = "<group>"; };
		2CD8D48F196B21E200F4BA87 /* AppDelegate.m */ = {isa = PBXFileReference; lastKnownFileType = sourcecode.c.objc; path = AppDelegate.m; sourceTree = "<group>"; };
		2CD8D492196B21E200F4BA87 /* Base */ = {isa = PBXFileReference; lastKnownFileType = file.storyboard; name = Base; path = Base.lproj/Main.storyboard; sourceTree = "<group>"; };
		2CD8D494196B21E200F4BA87 /* TAMainMenuViewController.h */ = {isa = PBXFileReference; lastKnownFileType = sourcecode.c.h; path = TAMainMenuViewController.h; sourceTree = "<group>"; };
		2CD8D495196B21E200F4BA87 /* TAMainMenuViewController.m */ = {isa = PBXFileReference; lastKnownFileType = sourcecode.c.objc; path = TAMainMenuViewController.m; sourceTree = "<group>"; };
		2CD8D497196B21E200F4BA87 /* TABattleScene.h */ = {isa = PBXFileReference; lastKnownFileType = sourcecode.c.h; path = TABattleScene.h; sourceTree = "<group>"; };
		2CD8D498196B21E200F4BA87 /* TABattleScene.m */ = {isa = PBXFileReference; lastKnownFileType = sourcecode.c.objc; path = TABattleScene.m; sourceTree = "<group>"; };
		2CD8D49C196B21E200F4BA87 /* Images.xcassets */ = {isa = PBXFileReference; lastKnownFileType = folder.assetcatalog; path = Images.xcassets; sourceTree = "<group>"; };
		2CD8D4A2196B21E200F4BA87 /* TowerAttackTests.xctest */ = {isa = PBXFileReference; explicitFileType = wrapper.cfbundle; includeInIndex = 0; path = TowerAttackTests.xctest; sourceTree = BUILT_PRODUCTS_DIR; };
		2CD8D4A3196B21E200F4BA87 /* XCTest.framework */ = {isa = PBXFileReference; lastKnownFileType = wrapper.framework; name = XCTest.framework; path = Library/Frameworks/XCTest.framework; sourceTree = DEVELOPER_DIR; };
		2CD8D4AB196B21E200F4BA87 /* TowerAttackTests-Info.plist */ = {isa = PBXFileReference; lastKnownFileType = text.plist.xml; path = "TowerAttackTests-Info.plist"; sourceTree = "<group>"; };
		2CD8D4AD196B21E200F4BA87 /* en */ = {isa = PBXFileReference; lastKnownFileType = text.plist.strings; name = en; path = en.lproj/InfoPlist.strings; sourceTree = "<group>"; };
		2CD8D4AF196B21E200F4BA87 /* TowerAttackTests.m */ = {isa = PBXFileReference; lastKnownFileType = sourcecode.c.objc; path = TowerAttackTests.m; sourceTree = "<group>"; };
		2CE59DF5196B2A6500FF3BD4 /* TATower.h */ = {isa = PBXFileReference; fileEncoding = 4; lastKnownFileType = sourcecode.c.h; path = TATower.h; sourceTree = "<group>"; };
		2CE59DF6196B2A6500FF3BD4 /* TATower.m */ = {isa = PBXFileReference; fileEncoding = 4; lastKnownFileType = sourcecode.c.objc; path = TATower.m; sourceTree = "<group>"; };
		2CE59DFA196B30B900FF3BD4 /* TAEnemy.h */ = {isa = PBXFileReference; fileEncoding = 4; lastKnownFileType = sourcecode.c.h; path = TAEnemy.h; sourceTree = "<group>"; };
		2CE59DFB196B30B900FF3BD4 /* TAEnemy.m */ = {isa = PBXFileReference; fileEncoding = 4; lastKnownFileType = sourcecode.c.objc; path = TAEnemy.m; sourceTree = "<group>"; };
		2CE59DFD196B34F700FF3BD4 /* Goblin.png */ = {isa = PBXFileReference; lastKnownFileType = image.png; path = Goblin.png; sourceTree = "<group>"; };
		2CFF7810196C44EF0028F4AD /* Health_Bar_Outside.png */ = {isa = PBXFileReference; lastKnownFileType = image.png; path = Health_Bar_Outside.png; sourceTree = "<group>"; };
		2CFF7812196C44F40028F4AD /* Health_Bar_Inside.png */ = {isa = PBXFileReference; lastKnownFileType = image.png; path = Health_Bar_Inside.png; sourceTree = "<group>"; };
		2CFF7816196C50FF0028F4AD /* Projectile.sks */ = {isa = PBXFileReference; lastKnownFileType = file.sks; path = Projectile.sks; sourceTree = "<group>"; };
		2CFF7817196C50FF0028F4AD /* spark.png */ = {isa = PBXFileReference; lastKnownFileType = image.png; path = spark.png; sourceTree = "<group>"; };
		2CFF781A196C73A70028F4AD /* TAPathDrawer.h */ = {isa = PBXFileReference; fileEncoding = 4; lastKnownFileType = sourcecode.c.h; path = TAPathDrawer.h; sourceTree = "<group>"; };
		2CFF781B196C73A70028F4AD /* TAPathDrawer.m */ = {isa = PBXFileReference; fileEncoding = 4; lastKnownFileType = sourcecode.c.objc; path = TAPathDrawer.m; sourceTree = "<group>"; };
/* End PBXFileReference section */

/* Begin PBXFrameworksBuildPhase section */
		2CD8D477196B21E100F4BA87 /* Frameworks */ = {
			isa = PBXFrameworksBuildPhase;
			buildActionMask = 2147483647;
			files = (
				2CD8D480196B21E100F4BA87 /* CoreGraphics.framework in Frameworks */,
				2CD8D482196B21E100F4BA87 /* UIKit.framework in Frameworks */,
				2CD8D484196B21E100F4BA87 /* SpriteKit.framework in Frameworks */,
				2CD8D47E196B21E100F4BA87 /* Foundation.framework in Frameworks */,
			);
			runOnlyForDeploymentPostprocessing = 0;
		};
		2CD8D49F196B21E200F4BA87 /* Frameworks */ = {
			isa = PBXFrameworksBuildPhase;
			buildActionMask = 2147483647;
			files = (
				2CD8D4A4196B21E200F4BA87 /* XCTest.framework in Frameworks */,
				2CD8D4A6196B21E200F4BA87 /* UIKit.framework in Frameworks */,
				2CD8D4A5196B21E200F4BA87 /* Foundation.framework in Frameworks */,
			);
			runOnlyForDeploymentPostprocessing = 0;
		};
/* End PBXFrameworksBuildPhase section */

/* Begin PBXGroup section */
		2CD8D471196B21E100F4BA87 = {
			isa = PBXGroup;
			children = (
				2CD8D485196B21E200F4BA87 /* TowerAttack */,
				2CD8D4A9196B21E200F4BA87 /* TowerAttackTests */,
				2CD8D47C196B21E100F4BA87 /* Frameworks */,
				2CD8D47B196B21E100F4BA87 /* Products */,
			);
			sourceTree = "<group>";
		};
		2CD8D47B196B21E100F4BA87 /* Products */ = {
			isa = PBXGroup;
			children = (
				2CD8D47A196B21E100F4BA87 /* TowerAttack.app */,
				2CD8D4A2196B21E200F4BA87 /* TowerAttackTests.xctest */,
			);
			name = Products;
			sourceTree = "<group>";
		};
		2CD8D47C196B21E100F4BA87 /* Frameworks */ = {
			isa = PBXGroup;
			children = (
				2CD8D47D196B21E100F4BA87 /* Foundation.framework */,
				2CD8D47F196B21E100F4BA87 /* CoreGraphics.framework */,
				2CD8D481196B21E100F4BA87 /* UIKit.framework */,
				2CD8D483196B21E100F4BA87 /* SpriteKit.framework */,
				2CD8D4A3196B21E200F4BA87 /* XCTest.framework */,
			);
			name = Frameworks;
			sourceTree = "<group>";
		};
		2CD8D485196B21E200F4BA87 /* TowerAttack */ = {
			isa = PBXGroup;
			children = (
				2CD8D48E196B21E200F4BA87 /* AppDelegate.h */,
				2CD8D48F196B21E200F4BA87 /* AppDelegate.m */,
				2CFF781A196C73A70028F4AD /* TAPathDrawer.h */,
				2CFF781B196C73A70028F4AD /* TAPathDrawer.m */,
				2C6ECC68196DC9BC00053238 /* TAUIOverlay.h */,
				2C6ECC69196DC9BC00053238 /* TAUIOverlay.m */,
				2CE59DF5196B2A6500FF3BD4 /* TATower.h */,
				2CE59DF6196B2A6500FF3BD4 /* TATower.m */,
				2CE59DFA196B30B900FF3BD4 /* TAEnemy.h */,
				2CE59DFB196B30B900FF3BD4 /* TAEnemy.m */,
				2CD8D491196B21E200F4BA87 /* Main.storyboard */,
				2CD8D494196B21E200F4BA87 /* TAMainMenuViewController.h */,
				2CD8D495196B21E200F4BA87 /* TAMainMenuViewController.m */,
				2CD8D497196B21E200F4BA87 /* TABattleScene.h */,
				2CD8D498196B21E200F4BA87 /* TABattleScene.m */,
				2CE59DFD196B34F700FF3BD4 /* Goblin.png */,
				2C6ECC66196DC84600053238 /* Tower.png */,
				2C6ECC64196DC68F00053238 /* TowerRadius.png */,
				2CFF7810196C44EF0028F4AD /* Health_Bar_Outside.png */,
				2CFF7812196C44F40028F4AD /* Health_Bar_Inside.png */,
				2CFF7816196C50FF0028F4AD /* Projectile.sks */,
				2CFF7817196C50FF0028F4AD /* spark.png */,
				2CD8D49C196B21E200F4BA87 /* Images.xcassets */,
				2CD8D486196B21E200F4BA87 /* Supporting Files */,
			);
			path = TowerAttack;
			sourceTree = "<group>";
		};
		2CD8D486196B21E200F4BA87 /* Supporting Files */ = {
			isa = PBXGroup;
			children = (
				2CD8D487196B21E200F4BA87 /* TowerAttack-Info.plist */,
				2CD8D488196B21E200F4BA87 /* InfoPlist.strings */,
				2CD8D48B196B21E200F4BA87 /* main.m */,
				2CD8D48D196B21E200F4BA87 /* TowerAttack-Prefix.pch */,
			);
			name = "Supporting Files";
			sourceTree = "<group>";
		};
		2CD8D4A9196B21E200F4BA87 /* TowerAttackTests */ = {
			isa = PBXGroup;
			children = (
				2CD8D4AF196B21E200F4BA87 /* TowerAttackTests.m */,
				2CD8D4AA196B21E200F4BA87 /* Supporting Files */,
			);
			path = TowerAttackTests;
			sourceTree = "<group>";
		};
		2CD8D4AA196B21E200F4BA87 /* Supporting Files */ = {
			isa = PBXGroup;
			children = (
				2CD8D4AB196B21E200F4BA87 /* TowerAttackTests-Info.plist */,
				2CD8D4AC196B21E200F4BA87 /* InfoPlist.strings */,
			);
			name = "Supporting Files";
			sourceTree = "<group>";
		};
/* End PBXGroup section */

/* Begin PBXNativeTarget section */
		2CD8D479196B21E100F4BA87 /* TowerAttack */ = {
			isa = PBXNativeTarget;
			buildConfigurationList = 2CD8D4B3196B21E200F4BA87 /* Build configuration list for PBXNativeTarget "TowerAttack" */;
			buildPhases = (
				2CD8D476196B21E100F4BA87 /* Sources */,
				2CD8D477196B21E100F4BA87 /* Frameworks */,
				2CD8D478196B21E100F4BA87 /* Resources */,
			);
			buildRules = (
			);
			dependencies = (
			);
			name = TowerAttack;
			productName = TowerAttack;
			productReference = 2CD8D47A196B21E100F4BA87 /* TowerAttack.app */;
			productType = "com.apple.product-type.application";
		};
		2CD8D4A1196B21E200F4BA87 /* TowerAttackTests */ = {
			isa = PBXNativeTarget;
			buildConfigurationList = 2CD8D4B6196B21E200F4BA87 /* Build configuration list for PBXNativeTarget "TowerAttackTests" */;
			buildPhases = (
				2CD8D49E196B21E200F4BA87 /* Sources */,
				2CD8D49F196B21E200F4BA87 /* Frameworks */,
				2CD8D4A0196B21E200F4BA87 /* Resources */,
			);
			buildRules = (
			);
			dependencies = (
				2CD8D4A8196B21E200F4BA87 /* PBXTargetDependency */,
			);
			name = TowerAttackTests;
			productName = TowerAttackTests;
			productReference = 2CD8D4A2196B21E200F4BA87 /* TowerAttackTests.xctest */;
			productType = "com.apple.product-type.bundle.unit-test";
		};
/* End PBXNativeTarget section */

/* Begin PBXProject section */
		2CD8D472196B21E100F4BA87 /* Project object */ = {
			isa = PBXProject;
			attributes = {
				LastUpgradeCheck = 0510;
				ORGANIZATIONNAME = "Ethan Hardy";
				TargetAttributes = {
					2CD8D4A1196B21E200F4BA87 = {
						TestTargetID = 2CD8D479196B21E100F4BA87;
					};
				};
			};
			buildConfigurationList = 2CD8D475196B21E100F4BA87 /* Build configuration list for PBXProject "TowerAttack" */;
			compatibilityVersion = "Xcode 3.2";
			developmentRegion = English;
			hasScannedForEncodings = 0;
			knownRegions = (
				en,
				Base,
			);
			mainGroup = 2CD8D471196B21E100F4BA87;
			productRefGroup = 2CD8D47B196B21E100F4BA87 /* Products */;
			projectDirPath = "";
			projectRoot = "";
			targets = (
				2CD8D479196B21E100F4BA87 /* TowerAttack */,
				2CD8D4A1196B21E200F4BA87 /* TowerAttackTests */,
			);
		};
/* End PBXProject section */

/* Begin PBXResourcesBuildPhase section */
		2CD8D478196B21E100F4BA87 /* Resources */ = {
			isa = PBXResourcesBuildPhase;
			buildActionMask = 2147483647;
			files = (
				2CD8D48A196B21E200F4BA87 /* InfoPlist.strings in Resources */,
				2C6ECC65196DC68F00053238 /* TowerRadius.png in Resources */,
				2CFF7811196C44EF0028F4AD /* Health_Bar_Outside.png in Resources */,
				2CE59DFE196B34F700FF3BD4 /* Goblin.png in Resources */,
				2CFF7819196C50FF0028F4AD /* spark.png in Resources */,
				2CFF7818196C50FF0028F4AD /* Projectile.sks in Resources */,
				2CD8D49D196B21E200F4BA87 /* Images.xcassets in Resources */,
				2CFF7813196C44F40028F4AD /* Health_Bar_Inside.png in Resources */,
				2C6ECC67196DC84600053238 /* Tower.png in Resources */,
				2CD8D493196B21E200F4BA87 /* Main.storyboard in Resources */,
			);
			runOnlyForDeploymentPostprocessing = 0;
		};
		2CD8D4A0196B21E200F4BA87 /* Resources */ = {
			isa = PBXResourcesBuildPhase;
			buildActionMask = 2147483647;
			files = (
				2CD8D4AE196B21E200F4BA87 /* InfoPlist.strings in Resources */,
			);
			runOnlyForDeploymentPostprocessing = 0;
		};
/* End PBXResourcesBuildPhase section */

/* Begin PBXSourcesBuildPhase section */
		2CD8D476196B21E100F4BA87 /* Sources */ = {
			isa = PBXSourcesBuildPhase;
			buildActionMask = 2147483647;
			files = (
				2CD8D499196B21E200F4BA87 /* TABattleScene.m in Sources */,
				2CE59DFC196B30B900FF3BD4 /* TAEnemy.m in Sources */,
				2CD8D496196B21E200F4BA87 /* TAMainMenuViewController.m in Sources */,
				2CFF781C196C73A70028F4AD /* TAPathDrawer.m in Sources */,
				2CD8D490196B21E200F4BA87 /* AppDelegate.m in Sources */,
				2C6ECC6A196DC9BC00053238 /* TAUIOverlay.m in Sources */,
				2CD8D48C196B21E200F4BA87 /* main.m in Sources */,
				2CE59DF7196B2A6500FF3BD4 /* TATower.m in Sources */,
			);
			runOnlyForDeploymentPostprocessing = 0;
		};
		2CD8D49E196B21E200F4BA87 /* Sources */ = {
			isa = PBXSourcesBuildPhase;
			buildActionMask = 2147483647;
			files = (
				2CD8D4B0196B21E200F4BA87 /* TowerAttackTests.m in Sources */,
			);
			runOnlyForDeploymentPostprocessing = 0;
		};
/* End PBXSourcesBuildPhase section */

/* Begin PBXTargetDependency section */
		2CD8D4A8196B21E200F4BA87 /* PBXTargetDependency */ = {
			isa = PBXTargetDependency;
			target = 2CD8D479196B21E100F4BA87 /* TowerAttack */;
			targetProxy = 2CD8D4A7196B21E200F4BA87 /* PBXContainerItemProxy */;
		};
/* End PBXTargetDependency section */

/* Begin PBXVariantGroup section */
		2CD8D488196B21E200F4BA87 /* InfoPlist.strings */ = {
			isa = PBXVariantGroup;
			children = (
				2CD8D489196B21E200F4BA87 /* en */,
			);
			name = InfoPlist.strings;
			sourceTree = "<group>";
		};
		2CD8D491196B21E200F4BA87 /* Main.storyboard */ = {
			isa = PBXVariantGroup;
			children = (
				2CD8D492196B21E200F4BA87 /* Base */,
			);
			name = Main.storyboard;
			sourceTree = "<group>";
		};
		2CD8D4AC196B21E200F4BA87 /* InfoPlist.strings */ = {
			isa = PBXVariantGroup;
			children = (
				2CD8D4AD196B21E200F4BA87 /* en */,
			);
			name = InfoPlist.strings;
			sourceTree = "<group>";
		};
/* End PBXVariantGroup section */

/* Begin XCBuildConfiguration section */
		2CD8D4B1196B21E200F4BA87 /* Debug */ = {
			isa = XCBuildConfiguration;
			buildSettings = {
				ALWAYS_SEARCH_USER_PATHS = NO;
				CLANG_CXX_LANGUAGE_STANDARD = "gnu++0x";
				CLANG_CXX_LIBRARY = "libc++";
				CLANG_ENABLE_MODULES = YES;
				CLANG_ENABLE_OBJC_ARC = YES;
				CLANG_WARN_BOOL_CONVERSION = YES;
				CLANG_WARN_CONSTANT_CONVERSION = YES;
				CLANG_WARN_DIRECT_OBJC_ISA_USAGE = YES_ERROR;
				CLANG_WARN_EMPTY_BODY = YES;
				CLANG_WARN_ENUM_CONVERSION = YES;
				CLANG_WARN_INT_CONVERSION = YES;
				CLANG_WARN_OBJC_ROOT_CLASS = YES_ERROR;
				CLANG_WARN__DUPLICATE_METHOD_MATCH = YES;
				"CODE_SIGN_IDENTITY[sdk=iphoneos*]" = "iPhone Developer";
				COPY_PHASE_STRIP = NO;
				GCC_C_LANGUAGE_STANDARD = gnu99;
				GCC_DYNAMIC_NO_PIC = NO;
				GCC_OPTIMIZATION_LEVEL = 0;
				GCC_PREPROCESSOR_DEFINITIONS = (
					"DEBUG=1",
					"$(inherited)",
				);
				GCC_SYMBOLS_PRIVATE_EXTERN = NO;
				GCC_WARN_64_TO_32_BIT_CONVERSION = YES;
				GCC_WARN_ABOUT_RETURN_TYPE = YES_ERROR;
				GCC_WARN_UNDECLARED_SELECTOR = YES;
				GCC_WARN_UNINITIALIZED_AUTOS = YES_AGGRESSIVE;
				GCC_WARN_UNUSED_FUNCTION = YES;
				GCC_WARN_UNUSED_VARIABLE = YES;
				IPHONEOS_DEPLOYMENT_TARGET = 7.1;
				ONLY_ACTIVE_ARCH = YES;
				SDKROOT = iphoneos;
			};
			name = Debug;
		};
		2CD8D4B2196B21E200F4BA87 /* Release */ = {
			isa = XCBuildConfiguration;
			buildSettings = {
				ALWAYS_SEARCH_USER_PATHS = NO;
				CLANG_CXX_LANGUAGE_STANDARD = "gnu++0x";
				CLANG_CXX_LIBRARY = "libc++";
				CLANG_ENABLE_MODULES = YES;
				CLANG_ENABLE_OBJC_ARC = YES;
				CLANG_WARN_BOOL_CONVERSION = YES;
				CLANG_WARN_CONSTANT_CONVERSION = YES;
				CLANG_WARN_DIRECT_OBJC_ISA_USAGE = YES_ERROR;
				CLANG_WARN_EMPTY_BODY = YES;
				CLANG_WARN_ENUM_CONVERSION = YES;
				CLANG_WARN_INT_CONVERSION = YES;
				CLANG_WARN_OBJC_ROOT_CLASS = YES_ERROR;
				CLANG_WARN__DUPLICATE_METHOD_MATCH = YES;
				"CODE_SIGN_IDENTITY[sdk=iphoneos*]" = "iPhone Developer";
				COPY_PHASE_STRIP = YES;
				ENABLE_NS_ASSERTIONS = NO;
				GCC_C_LANGUAGE_STANDARD = gnu99;
				GCC_WARN_64_TO_32_BIT_CONVERSION = YES;
				GCC_WARN_ABOUT_RETURN_TYPE = YES_ERROR;
				GCC_WARN_UNDECLARED_SELECTOR = YES;
				GCC_WARN_UNINITIALIZED_AUTOS = YES_AGGRESSIVE;
				GCC_WARN_UNUSED_FUNCTION = YES;
				GCC_WARN_UNUSED_VARIABLE = YES;
				IPHONEOS_DEPLOYMENT_TARGET = 7.1;
				SDKROOT = iphoneos;
				VALIDATE_PRODUCT = YES;
			};
			name = Release;
		};
		2CD8D4B4196B21E200F4BA87 /* Debug */ = {
			isa = XCBuildConfiguration;
			buildSettings = {
				ASSETCATALOG_COMPILER_APPICON_NAME = AppIcon;
				ASSETCATALOG_COMPILER_LAUNCHIMAGE_NAME = LaunchImage;
				GCC_PRECOMPILE_PREFIX_HEADER = YES;
				GCC_PREFIX_HEADER = "TowerAttack/TowerAttack-Prefix.pch";
				INFOPLIST_FILE = "TowerAttack/TowerAttack-Info.plist";
				PRODUCT_NAME = "$(TARGET_NAME)";
				SPRITEKIT_TEXTURE_ATLAS_OUTPUT = YES;
				WRAPPER_EXTENSION = app;
			};
			name = Debug;
		};
		2CD8D4B5196B21E200F4BA87 /* Release */ = {
			isa = XCBuildConfiguration;
			buildSettings = {
				ASSETCATALOG_COMPILER_APPICON_NAME = AppIcon;
				ASSETCATALOG_COMPILER_LAUNCHIMAGE_NAME = LaunchImage;
				GCC_PRECOMPILE_PREFIX_HEADER = YES;
				GCC_PREFIX_HEADER = "TowerAttack/TowerAttack-Prefix.pch";
				INFOPLIST_FILE = "TowerAttack/TowerAttack-Info.plist";
				PRODUCT_NAME = "$(TARGET_NAME)";
				SPRITEKIT_TEXTURE_ATLAS_OUTPUT = YES;
				WRAPPER_EXTENSION = app;
			};
			name = Release;
		};
		2CD8D4B7196B21E200F4BA87 /* Debug */ = {
			isa = XCBuildConfiguration;
			buildSettings = {
				BUNDLE_LOADER = "$(BUILT_PRODUCTS_DIR)/TowerAttack.app/TowerAttack";
				FRAMEWORK_SEARCH_PATHS = (
					"$(SDKROOT)/Developer/Library/Frameworks",
					"$(inherited)",
					"$(DEVELOPER_FRAMEWORKS_DIR)",
				);
				GCC_PRECOMPILE_PREFIX_HEADER = YES;
				GCC_PREFIX_HEADER = "TowerAttack/TowerAttack-Prefix.pch";
				GCC_PREPROCESSOR_DEFINITIONS = (
					"DEBUG=1",
					"$(inherited)",
				);
				INFOPLIST_FILE = "TowerAttackTests/TowerAttackTests-Info.plist";
				PRODUCT_NAME = "$(TARGET_NAME)";
				TEST_HOST = "$(BUNDLE_LOADER)";
				WRAPPER_EXTENSION = xctest;
			};
			name = Debug;
		};
		2CD8D4B8196B21E200F4BA87 /* Release */ = {
			isa = XCBuildConfiguration;
			buildSettings = {
				BUNDLE_LOADER = "$(BUILT_PRODUCTS_DIR)/TowerAttack.app/TowerAttack";
				FRAMEWORK_SEARCH_PATHS = (
					"$(SDKROOT)/Developer/Library/Frameworks",
					"$(inherited)",
					"$(DEVELOPER_FRAMEWORKS_DIR)",
				);
				GCC_PRECOMPILE_PREFIX_HEADER = YES;
				GCC_PREFIX_HEADER = "TowerAttack/TowerAttack-Prefix.pch";
				INFOPLIST_FILE = "TowerAttackTests/TowerAttackTests-Info.plist";
				PRODUCT_NAME = "$(TARGET_NAME)";
				TEST_HOST = "$(BUNDLE_LOADER)";
				WRAPPER_EXTENSION = xctest;
			};
			name = Release;
		};
/* End XCBuildConfiguration section */

/* Begin XCConfigurationList section */
		2CD8D475196B21E100F4BA87 /* Build configuration list for PBXProject "TowerAttack" */ = {
			isa = XCConfigurationList;
			buildConfigurations = (
				2CD8D4B1196B21E200F4BA87 /* Debug */,
				2CD8D4B2196B21E200F4BA87 /* Release */,
			);
			defaultConfigurationIsVisible = 0;
			defaultConfigurationName = Release;
		};
		2CD8D4B3196B21E200F4BA87 /* Build configuration list for PBXNativeTarget "TowerAttack" */ = {
			isa = XCConfigurationList;
			buildConfigurations = (
				2CD8D4B4196B21E200F4BA87 /* Debug */,
				2CD8D4B5196B21E200F4BA87 /* Release */,
			);
			defaultConfigurationIsVisible = 0;
			defaultConfigurationName = Release;
		};
		2CD8D4B6196B21E200F4BA87 /* Build configuration list for PBXNativeTarget "TowerAttackTests" */ = {
			isa = XCConfigurationList;
			buildConfigurations = (
				2CD8D4B7196B21E200F4BA87 /* Debug */,
				2CD8D4B8196B21E200F4BA87 /* Release */,
			);
			defaultConfigurationIsVisible = 0;
			defaultConfigurationName = Release;
		};
/* End XCConfigurationList section */
	};
	rootObject = 2CD8D472196B21E100F4BA87 /* Project object */;
}
